
Microsoft Visual Studio Solution File, Format Version 12.00
# Visual Studio Version 16
VisualStudioVersion = 16.0.29920.165
MinimumVisualStudioVersion = 10.0.40219.1
Project("{FAE04EC0-301F-11D3-BF4B-00C04F79EFBC}") = "TO9_POO", "TO9_POO.csproj", "{A55506A7-FFA7-4C79-82E3-7DC3D22C8DBF}"
EndProject
Global
	GlobalSection(SolutionConfigurationPlatforms) = preSolution
		Debug|Any CPU = Debug|Any CPU
		Release|Any CPU = Release|Any CPU
	EndGlobalSection
	GlobalSection(ProjectConfigurationPlatforms) = postSolution
		{A55506A7-FFA7-4C79-82E3-7DC3D22C8DBF}.Debug|Any CPU.ActiveCfg = Debug|Any CPU
		{A55506A7-FFA7-4C79-82E3-7DC3D22C8DBF}.Debug|Any CPU.Build.0 = Debug|Any CPU
		{A55506A7-FFA7-4C79-82E3-7DC3D22C8DBF}.Release|Any CPU.ActiveCfg = Release|Any CPU
		{A55506A7-FFA7-4C79-82E3-7DC3D22C8DBF}.Release|Any CPU.Build.0 = Release|Any CPU
	EndGlobalSection
	GlobalSection(SolutionProperties) = preSolution
		HideSolutionNode = FALSE
	EndGlobalSection
	GlobalSection(ExtensibilityGlobals) = postSolution
		SolutionGuid = {1E221657-95CD-47DB-B651-B22AD9A978F4}
	EndGlobalSection
EndGlobal
